// !$*UTF8*$!
{
	archiveVersion = 1;
	classes = {
	};
	objectVersion = 46;
	objects = {

/* Begin PBXBuildFile section */
		044EAF771E44625200DD45C5 /* CWLClipViewController.m in Sources */ = {isa = PBXBuildFile; fileRef = 044EAF691E44625200DD45C5 /* CWLClipViewController.m */; };
		044EAF7B1E44625200DD45C5 /* CWLDrawLineViewController.m in Sources */ = {isa = PBXBuildFile; fileRef = 044EAF741E44625200DD45C5 /* CWLDrawLineViewController.m */; };
		044EAF7F1E44627600DD45C5 /* Main.storyboard in Resources */ = {isa = PBXBuildFile; fileRef = 044EAF7C1E44627600DD45C5 /* Main.storyboard */; };
		044EAF801E44627600DD45C5 /* ViewController.m in Sources */ = {isa = PBXBuildFile; fileRef = 044EAF7E1E44627600DD45C5 /* ViewController.m */; };
		044EAF861E44679900DD45C5 /* CWLColorProgress.m in Sources */ = {isa = PBXBuildFile; fileRef = 044EAF821E44679900DD45C5 /* CWLColorProgress.m */; };
		044EAF871E44679900DD45C5 /* CWLColorProgress.xib in Resources */ = {isa = PBXBuildFile; fileRef = 044EAF831E44679900DD45C5 /* CWLColorProgress.xib */; };
		044EAF881E44679900DD45C5 /* CWLDrawLineView.m in Sources */ = {isa = PBXBuildFile; fileRef = 044EAF851E44679900DD45C5 /* CWLDrawLineView.m */; };
		044EAF8E1E4467DB00DD45C5 /* CWLClipView.m in Sources */ = {isa = PBXBuildFile; fileRef = 044EAF8D1E4467DB00DD45C5 /* CWLClipView.m */; };
		046D21071E4562660083E7F2 /* CWLClipImageView.m in Sources */ = {isa = PBXBuildFile; fileRef = 046D21061E4562660083E7F2 /* CWLClipImageView.m */; };
		046D210D1E456A360083E7F2 /* CWLClipResultViewController.m in Sources */ = {isa = PBXBuildFile; fileRef = 046D210C1E456A360083E7F2 /* CWLClipResultViewController.m */; };
		04E436F31E372A4C00B34CCC /* main.m in Sources */ = {isa = PBXBuildFile; fileRef = 04E436F21E372A4C00B34CCC /* main.m */; };
		04E436F61E372A4C00B34CCC /* AppDelegate.m in Sources */ = {isa = PBXBuildFile; fileRef = 04E436F51E372A4C00B34CCC /* AppDelegate.m */; };
		04E436FE1E372A4C00B34CCC /* Assets.xcassets in Resources */ = {isa = PBXBuildFile; fileRef = 04E436FD1E372A4C00B34CCC /* Assets.xcassets */; };
		04E437011E372A4C00B34CCC /* LaunchScreen.storyboard in Resources */ = {isa = PBXBuildFile; fileRef = 04E436FF1E372A4C00B34CCC /* LaunchScreen.storyboard */; };
		04E4370C1E372A4C00B34CCC /* CWLGraphicsDemoTests.m in Sources */ = {isa = PBXBuildFile; fileRef = 04E4370B1E372A4C00B34CCC /* CWLGraphicsDemoTests.m */; };
		04E437171E372A4C00B34CCC /* CWLGraphicsDemoUITests.m in Sources */ = {isa = PBXBuildFile; fileRef = 04E437161E372A4C00B34CCC /* CWLGraphicsDemoUITests.m */; };
		04E437391E372A6400B34CCC /* MBProgressHUD+CWL.m in Sources */ = {isa = PBXBuildFile; fileRef = 04E437261E372A6400B34CCC /* MBProgressHUD+CWL.m */; };
		04E4373A1E372A6400B34CCC /* UIImage+CWLImage.m in Sources */ = {isa = PBXBuildFile; fileRef = 04E437281E372A6400B34CCC /* UIImage+CWLImage.m */; };
		DFD16B1995FCB46C217E605D /* libPods-CWLGraphicsDemo.a in Frameworks */ = {isa = PBXBuildFile; fileRef = 77C967E2AC8A9873BE13ABA0 /* libPods-CWLGraphicsDemo.a */; };
/* End PBXBuildFile section */

/* Begin PBXContainerItemProxy section */
		04E437081E372A4C00B34CCC /* PBXContainerItemProxy */ = {
			isa = PBXContainerItemProxy;
			containerPortal = 04E436E61E372A4C00B34CCC /* Project object */;
			proxyType = 1;
			remoteGlobalIDString = 04E436ED1E372A4C00B34CCC;
			remoteInfo = CWLGraphicsDemo;
		};
		04E437131E372A4C00B34CCC /* PBXContainerItemProxy */ = {
			isa = PBXContainerItemProxy;
			containerPortal = 04E436E61E372A4C00B34CCC /* Project object */;
			proxyType = 1;
			remoteGlobalIDString = 04E436ED1E372A4C00B34CCC;
			remoteInfo = CWLGraphicsDemo;
		};
/* End PBXContainerItemProxy section */

/* Begin PBXFileReference section */
		044EAF681E44625200DD45C5 /* CWLClipViewController.h */ = {isa = PBXFileReference; fileEncoding = 4; lastKnownFileType = sourcecode.c.h; path = CWLClipViewController.h; sourceTree = "<group>"; };
		044EAF691E44625200DD45C5 /* CWLClipViewController.m */ = {isa = PBXFileReference; fileEncoding = 4; lastKnownFileType = sourcecode.c.objc; path = CWLClipViewController.m; sourceTree = "<group>"; };
		044EAF731E44625200DD45C5 /* CWLDrawLineViewController.h */ = {isa = PBXFileReference; fileEncoding = 4; lastKnownFileType = sourcecode.c.h; path = CWLDrawLineViewController.h; sourceTree = "<group>"; };
		044EAF741E44625200DD45C5 /* CWLDrawLineViewController.m */ = {isa = PBXFileReference; fileEncoding = 4; lastKnownFileType = sourcecode.c.objc; path = CWLDrawLineViewController.m; sourceTree = "<group>"; };
		044EAF7C1E44627600DD45C5 /* Main.storyboard */ = {isa = PBXFileReference; fileEncoding = 4; lastKnownFileType = file.storyboard; path = Main.storyboard; sourceTree = "<group>"; };
		044EAF7D1E44627600DD45C5 /* ViewController.h */ = {isa = PBXFileReference; fileEncoding = 4; lastKnownFileType = sourcecode.c.h; path = ViewController.h; sourceTree = "<group>"; };
		044EAF7E1E44627600DD45C5 /* ViewController.m */ = {isa = PBXFileReference; fileEncoding = 4; lastKnownFileType = sourcecode.c.objc; path = ViewController.m; sourceTree = "<group>"; };
		044EAF811E44679900DD45C5 /* CWLColorProgress.h */ = {isa = PBXFileReference; fileEncoding = 4; lastKnownFileType = sourcecode.c.h; path = CWLColorProgress.h; sourceTree = "<group>"; };
		044EAF821E44679900DD45C5 /* CWLColorProgress.m */ = {isa = PBXFileReference; fileEncoding = 4; lastKnownFileType = sourcecode.c.objc; path = CWLColorProgress.m; sourceTree = "<group>"; };
		044EAF831E44679900DD45C5 /* CWLColorProgress.xib */ = {isa = PBXFileReference; fileEncoding = 4; lastKnownFileType = file.xib; path = CWLColorProgress.xib; sourceTree = "<group>"; };
		044EAF841E44679900DD45C5 /* CWLDrawLineView.h */ = {isa = PBXFileReference; fileEncoding = 4; lastKnownFileType = sourcecode.c.h; path = CWLDrawLineView.h; sourceTree = "<group>"; };
		044EAF851E44679900DD45C5 /* CWLDrawLineView.m */ = {isa = PBXFileReference; fileEncoding = 4; lastKnownFileType = sourcecode.c.objc; path = CWLDrawLineView.m; sourceTree = "<group>"; };
		044EAF8C1E4467DB00DD45C5 /* CWLClipView.h */ = {isa = PBXFileReference; fileEncoding = 4; lastKnownFileType = sourcecode.c.h; path = CWLClipView.h; sourceTree = "<group>"; };
		044EAF8D1E4467DB00DD45C5 /* CWLClipView.m */ = {isa = PBXFileReference; fileEncoding = 4; lastKnownFileType = sourcecode.c.objc; path = CWLClipView.m; sourceTree = "<group>"; };
		046D21051E4562660083E7F2 /* CWLClipImageView.h */ = {isa = PBXFileReference; fileEncoding = 4; lastKnownFileType = sourcecode.c.h; path = CWLClipImageView.h; sourceTree = "<group>"; };
		046D21061E4562660083E7F2 /* CWLClipImageView.m */ = {isa = PBXFileReference; fileEncoding = 4; lastKnownFileType = sourcecode.c.objc; path = CWLClipImageView.m; sourceTree = "<group>"; };
		046D210B1E456A360083E7F2 /* CWLClipResultViewController.h */ = {isa = PBXFileReference; fileEncoding = 4; lastKnownFileType = sourcecode.c.h; path = CWLClipResultViewController.h; sourceTree = "<group>"; };
		046D210C1E456A360083E7F2 /* CWLClipResultViewController.m */ = {isa = PBXFileReference; fileEncoding = 4; lastKnownFileType = sourcecode.c.objc; path = CWLClipResultViewController.m; sourceTree = "<group>"; };
		04E436EE1E372A4C00B34CCC /* CWLGraphicsDemo.app */ = {isa = PBXFileReference; explicitFileType = wrapper.application; includeInIndex = 0; path = CWLGraphicsDemo.app; sourceTree = BUILT_PRODUCTS_DIR; };
		04E436F21E372A4C00B34CCC /* main.m */ = {isa = PBXFileReference; lastKnownFileType = sourcecode.c.objc; path = main.m; sourceTree = "<group>"; };
		04E436F41E372A4C00B34CCC /* AppDelegate.h */ = {isa = PBXFileReference; lastKnownFileType = sourcecode.c.h; path = AppDelegate.h; sourceTree = "<group>"; };
		04E436F51E372A4C00B34CCC /* AppDelegate.m */ = {isa = PBXFileReference; lastKnownFileType = sourcecode.c.objc; path = AppDelegate.m; sourceTree = "<group>"; };
		04E436FD1E372A4C00B34CCC /* Assets.xcassets */ = {isa = PBXFileReference; lastKnownFileType = folder.assetcatalog; path = Assets.xcassets; sourceTree = "<group>"; };
		04E437001E372A4C00B34CCC /* Base */ = {isa = PBXFileReference; lastKnownFileType = file.storyboard; name = Base; path = Base.lproj/LaunchScreen.storyboard; sourceTree = "<group>"; };
		04E437021E372A4C00B34CCC /* Info.plist */ = {isa = PBXFileReference; lastKnownFileType = text.plist.xml; path = Info.plist; sourceTree = "<group>"; };
		04E437071E372A4C00B34CCC /* CWLGraphicsDemoTests.xctest */ = {isa = PBXFileReference; explicitFileType = wrapper.cfbundle; includeInIndex = 0; path = CWLGraphicsDemoTests.xctest; sourceTree = BUILT_PRODUCTS_DIR; };
		04E4370B1E372A4C00B34CCC /* CWLGraphicsDemoTests.m */ = {isa = PBXFileReference; lastKnownFileType = sourcecode.c.objc; path = CWLGraphicsDemoTests.m; sourceTree = "<group>"; };
		04E4370D1E372A4C00B34CCC /* Info.plist */ = {isa = PBXFileReference; lastKnownFileType = text.plist.xml; path = Info.plist; sourceTree = "<group>"; };
		04E437121E372A4C00B34CCC /* CWLGraphicsDemoUITests.xctest */ = {isa = PBXFileReference; explicitFileType = wrapper.cfbundle; includeInIndex = 0; path = CWLGraphicsDemoUITests.xctest; sourceTree = BUILT_PRODUCTS_DIR; };
		04E437161E372A4C00B34CCC /* CWLGraphicsDemoUITests.m */ = {isa = PBXFileReference; lastKnownFileType = sourcecode.c.objc; path = CWLGraphicsDemoUITests.m; sourceTree = "<group>"; };
		04E437181E372A4C00B34CCC /* Info.plist */ = {isa = PBXFileReference; lastKnownFileType = text.plist.xml; path = Info.plist; sourceTree = "<group>"; };
		04E437251E372A6400B34CCC /* MBProgressHUD+CWL.h */ = {isa = PBXFileReference; fileEncoding = 4; lastKnownFileType = sourcecode.c.h; path = "MBProgressHUD+CWL.h"; sourceTree = "<group>"; };
		04E437261E372A6400B34CCC /* MBProgressHUD+CWL.m */ = {isa = PBXFileReference; fileEncoding = 4; lastKnownFileType = sourcecode.c.objc; path = "MBProgressHUD+CWL.m"; sourceTree = "<group>"; };
		04E437271E372A6400B34CCC /* UIImage+CWLImage.h */ = {isa = PBXFileReference; fileEncoding = 4; lastKnownFileType = sourcecode.c.h; path = "UIImage+CWLImage.h"; sourceTree = "<group>"; };
		04E437281E372A6400B34CCC /* UIImage+CWLImage.m */ = {isa = PBXFileReference; fileEncoding = 4; lastKnownFileType = sourcecode.c.objc; path = "UIImage+CWLImage.m"; sourceTree = "<group>"; };
		04E437421E372A6D00B34CCC /* CWLPrefix.pch */ = {isa = PBXFileReference; lastKnownFileType = sourcecode.c.h; path = CWLPrefix.pch; sourceTree = "<group>"; };
		77C967E2AC8A9873BE13ABA0 /* libPods-CWLGraphicsDemo.a */ = {isa = PBXFileReference; explicitFileType = archive.ar; includeInIndex = 0; path = "libPods-CWLGraphicsDemo.a"; sourceTree = BUILT_PRODUCTS_DIR; };
		7849AD45A3F939702808327D /* Pods-CWLGraphicsDemo.debug.xcconfig */ = {isa = PBXFileReference; includeInIndex = 1; lastKnownFileType = text.xcconfig; name = "Pods-CWLGraphicsDemo.debug.xcconfig"; path = "Pods/Target Support Files/Pods-CWLGraphicsDemo/Pods-CWLGraphicsDemo.debug.xcconfig"; sourceTree = "<group>"; };
		8FE16446E36C29496E98ABFD /* Pods-CWLGraphicsDemo.release.xcconfig */ = {isa = PBXFileReference; includeInIndex = 1; lastKnownFileType = text.xcconfig; name = "Pods-CWLGraphicsDemo.release.xcconfig"; path = "Pods/Target Support Files/Pods-CWLGraphicsDemo/Pods-CWLGraphicsDemo.release.xcconfig"; sourceTree = "<group>"; };
/* End PBXFileReference section */

/* Begin PBXFrameworksBuildPhase section */
		04E436EB1E372A4C00B34CCC /* Frameworks */ = {
			isa = PBXFrameworksBuildPhase;
			buildActionMask = 2147483647;
			files = (
				DFD16B1995FCB46C217E605D /* libPods-CWLGraphicsDemo.a in Frameworks */,
			);
			runOnlyForDeploymentPostprocessing = 0;
		};
		04E437041E372A4C00B34CCC /* Frameworks */ = {
			isa = PBXFrameworksBuildPhase;
			buildActionMask = 2147483647;
			files = (
			);
			runOnlyForDeploymentPostprocessing = 0;
		};
		04E4370F1E372A4C00B34CCC /* Frameworks */ = {
			isa = PBXFrameworksBuildPhase;
			buildActionMask = 2147483647;
			files = (
			);
			runOnlyForDeploymentPostprocessing = 0;
		};
/* End PBXFrameworksBuildPhase section */

/* Begin PBXGroup section */
		044EAF661E44625200DD45C5 /* ClipView */ = {
			isa = PBXGroup;
			children = (
				044EAF671E44625200DD45C5 /* Controller */,
				044EAF6A1E44625200DD45C5 /* Model */,
				044EAF6B1E44625200DD45C5 /* View */,
			);
			path = ClipView;
			sourceTree = "<group>";
		};
		044EAF671E44625200DD45C5 /* Controller */ = {
			isa = PBXGroup;
			children = (
				044EAF681E44625200DD45C5 /* CWLClipViewController.h */,
				044EAF691E44625200DD45C5 /* CWLClipViewController.m */,
				046D210B1E456A360083E7F2 /* CWLClipResultViewController.h */,
				046D210C1E456A360083E7F2 /* CWLClipResultViewController.m */,
			);
			path = Controller;
			sourceTree = "<group>";
		};
		044EAF6A1E44625200DD45C5 /* Model */ = {
			isa = PBXGroup;
			children = (
			);
			path = Model;
			sourceTree = "<group>";
		};
		044EAF6B1E44625200DD45C5 /* View */ = {
			isa = PBXGroup;
			children = (
				044EAF8C1E4467DB00DD45C5 /* CWLClipView.h */,
				044EAF8D1E4467DB00DD45C5 /* CWLClipView.m */,
				046D21051E4562660083E7F2 /* CWLClipImageView.h */,
				046D21061E4562660083E7F2 /* CWLClipImageView.m */,
			);
			path = View;
			sourceTree = "<group>";
		};
		044EAF711E44625200DD45C5 /* DrawLineView */ = {
			isa = PBXGroup;
			children = (
				044EAF721E44625200DD45C5 /* Controller */,
				044EAF751E44625200DD45C5 /* Model */,
				044EAF761E44625200DD45C5 /* View */,
			);
			path = DrawLineView;
			sourceTree = "<group>";
		};
		044EAF721E44625200DD45C5 /* Controller */ = {
			isa = PBXGroup;
			children = (
				044EAF731E44625200DD45C5 /* CWLDrawLineViewController.h */,
				044EAF741E44625200DD45C5 /* CWLDrawLineViewController.m */,
			);
			path = Controller;
			sourceTree = "<group>";
		};
		044EAF751E44625200DD45C5 /* Model */ = {
			isa = PBXGroup;
			children = (
			);
			path = Model;
			sourceTree = "<group>";
		};
		044EAF761E44625200DD45C5 /* View */ = {
			isa = PBXGroup;
			children = (
				044EAF811E44679900DD45C5 /* CWLColorProgress.h */,
				044EAF821E44679900DD45C5 /* CWLColorProgress.m */,
				044EAF831E44679900DD45C5 /* CWLColorProgress.xib */,
				044EAF841E44679900DD45C5 /* CWLDrawLineView.h */,
				044EAF851E44679900DD45C5 /* CWLDrawLineView.m */,
			);
			path = View;
			sourceTree = "<group>";
		};
		04E436E51E372A4C00B34CCC = {
			isa = PBXGroup;
			children = (
				04E436F01E372A4C00B34CCC /* CWLGraphicsDemo */,
				04E4370A1E372A4C00B34CCC /* CWLGraphicsDemoTests */,
				04E437151E372A4C00B34CCC /* CWLGraphicsDemoUITests */,
				04E436EF1E372A4C00B34CCC /* Products */,
				4CE8E729909EC9E9A951F6DF /* Pods */,
				9EB1653F7BFDCAA18FEB4C7B /* Frameworks */,
			);
			sourceTree = "<group>";
		};
		04E436EF1E372A4C00B34CCC /* Products */ = {
			isa = PBXGroup;
			children = (
				04E436EE1E372A4C00B34CCC /* CWLGraphicsDemo.app */,
				04E437071E372A4C00B34CCC /* CWLGraphicsDemoTests.xctest */,
				04E437121E372A4C00B34CCC /* CWLGraphicsDemoUITests.xctest */,
			);
			name = Products;
			sourceTree = "<group>";
		};
		04E436F01E372A4C00B34CCC /* CWLGraphicsDemo */ = {
			isa = PBXGroup;
			children = (
				044EAF7C1E44627600DD45C5 /* Main.storyboard */,
				044EAF7D1E44627600DD45C5 /* ViewController.h */,
				044EAF7E1E44627600DD45C5 /* ViewController.m */,
				044EAF661E44625200DD45C5 /* ClipView */,
				044EAF711E44625200DD45C5 /* DrawLineView */,
				04E437241E372A6400B34CCC /* Category */,
				04E436F41E372A4C00B34CCC /* AppDelegate.h */,
				04E436F51E372A4C00B34CCC /* AppDelegate.m */,
				04E436FD1E372A4C00B34CCC /* Assets.xcassets */,
				04E436FF1E372A4C00B34CCC /* LaunchScreen.storyboard */,
				04E437021E372A4C00B34CCC /* Info.plist */,
				04E436F11E372A4C00B34CCC /* Supporting Files */,
			);
			path = CWLGraphicsDemo;
			sourceTree = "<group>";
		};
		04E436F11E372A4C00B34CCC /* Supporting Files */ = {
			isa = PBXGroup;
			children = (
				04E437421E372A6D00B34CCC /* CWLPrefix.pch */,
				04E436F21E372A4C00B34CCC /* main.m */,
			);
			name = "Supporting Files";
			sourceTree = "<group>";
		};
		04E4370A1E372A4C00B34CCC /* CWLGraphicsDemoTests */ = {
			isa = PBXGroup;
			children = (
				04E4370B1E372A4C00B34CCC /* CWLGraphicsDemoTests.m */,
				04E4370D1E372A4C00B34CCC /* Info.plist */,
			);
			path = CWLGraphicsDemoTests;
			sourceTree = "<group>";
		};
		04E437151E372A4C00B34CCC /* CWLGraphicsDemoUITests */ = {
			isa = PBXGroup;
			children = (
				04E437161E372A4C00B34CCC /* CWLGraphicsDemoUITests.m */,
				04E437181E372A4C00B34CCC /* Info.plist */,
			);
			path = CWLGraphicsDemoUITests;
			sourceTree = "<group>";
		};
		04E437241E372A6400B34CCC /* Category */ = {
			isa = PBXGroup;
			children = (
				04E437251E372A6400B34CCC /* MBProgressHUD+CWL.h */,
				04E437261E372A6400B34CCC /* MBProgressHUD+CWL.m */,
				04E437271E372A6400B34CCC /* UIImage+CWLImage.h */,
				04E437281E372A6400B34CCC /* UIImage+CWLImage.m */,
			);
			path = Category;
			sourceTree = "<group>";
		};
		4CE8E729909EC9E9A951F6DF /* Pods */ = {
			isa = PBXGroup;
			children = (
				7849AD45A3F939702808327D /* Pods-CWLGraphicsDemo.debug.xcconfig */,
				8FE16446E36C29496E98ABFD /* Pods-CWLGraphicsDemo.release.xcconfig */,
			);
			name = Pods;
			sourceTree = "<group>";
		};
		9EB1653F7BFDCAA18FEB4C7B /* Frameworks */ = {
			isa = PBXGroup;
			children = (
				77C967E2AC8A9873BE13ABA0 /* libPods-CWLGraphicsDemo.a */,
			);
			name = Frameworks;
			sourceTree = "<group>";
		};
/* End PBXGroup section */

/* Begin PBXNativeTarget section */
		04E436ED1E372A4C00B34CCC /* CWLGraphicsDemo */ = {
			isa = PBXNativeTarget;
			buildConfigurationList = 04E4371B1E372A4C00B34CCC /* Build configuration list for PBXNativeTarget "CWLGraphicsDemo" */;
			buildPhases = (
				2B4ED1CCE6E6330482571BFC /* [CP] Check Pods Manifest.lock */,
				04E436EA1E372A4C00B34CCC /* Sources */,
				04E436EB1E372A4C00B34CCC /* Frameworks */,
				04E436EC1E372A4C00B34CCC /* Resources */,
				14F345B950B62EFC9B06B88B /* [CP] Embed Pods Frameworks */,
				A643B592A765CEBECF01DB7B /* [CP] Copy Pods Resources */,
			);
			buildRules = (
			);
			dependencies = (
			);
			name = CWLGraphicsDemo;
			productName = CWLGraphicsDemo;
			productReference = 04E436EE1E372A4C00B34CCC /* CWLGraphicsDemo.app */;
			productType = "com.apple.product-type.application";
		};
		04E437061E372A4C00B34CCC /* CWLGraphicsDemoTests */ = {
			isa = PBXNativeTarget;
			buildConfigurationList = 04E4371E1E372A4C00B34CCC /* Build configuration list for PBXNativeTarget "CWLGraphicsDemoTests" */;
			buildPhases = (
				04E437031E372A4C00B34CCC /* Sources */,
				04E437041E372A4C00B34CCC /* Frameworks */,
				04E437051E372A4C00B34CCC /* Resources */,
			);
			buildRules = (
			);
			dependencies = (
				04E437091E372A4C00B34CCC /* PBXTargetDependency */,
			);
			name = CWLGraphicsDemoTests;
			productName = CWLGraphicsDemoTests;
			productReference = 04E437071E372A4C00B34CCC /* CWLGraphicsDemoTests.xctest */;
			productType = "com.apple.product-type.bundle.unit-test";
		};
		04E437111E372A4C00B34CCC /* CWLGraphicsDemoUITests */ = {
			isa = PBXNativeTarget;
			buildConfigurationList = 04E437211E372A4C00B34CCC /* Build configuration list for PBXNativeTarget "CWLGraphicsDemoUITests" */;
			buildPhases = (
				04E4370E1E372A4C00B34CCC /* Sources */,
				04E4370F1E372A4C00B34CCC /* Frameworks */,
				04E437101E372A4C00B34CCC /* Resources */,
			);
			buildRules = (
			);
			dependencies = (
				04E437141E372A4C00B34CCC /* PBXTargetDependency */,
			);
			name = CWLGraphicsDemoUITests;
			productName = CWLGraphicsDemoUITests;
			productReference = 04E437121E372A4C00B34CCC /* CWLGraphicsDemoUITests.xctest */;
			productType = "com.apple.product-type.bundle.ui-testing";
		};
/* End PBXNativeTarget section */

/* Begin PBXProject section */
		04E436E61E372A4C00B34CCC /* Project object */ = {
			isa = PBXProject;
			attributes = {
				CLASSPREFIX = CWL;
				LastUpgradeCheck = 0730;
				ORGANIZATIONNAME = allen;
				TargetAttributes = {
					04E436ED1E372A4C00B34CCC = {
						CreatedOnToolsVersion = 7.3.1;
						DevelopmentTeam = 3H6GDPZG3V;
					};
					04E437061E372A4C00B34CCC = {
						CreatedOnToolsVersion = 7.3.1;
						DevelopmentTeam = 3H6GDPZG3V;
						TestTargetID = 04E436ED1E372A4C00B34CCC;
					};
					04E437111E372A4C00B34CCC = {
						CreatedOnToolsVersion = 7.3.1;
						DevelopmentTeam = 3H6GDPZG3V;
						TestTargetID = 04E436ED1E372A4C00B34CCC;
					};
				};
			};
			buildConfigurationList = 04E436E91E372A4C00B34CCC /* Build configuration list for PBXProject "CWLGraphicsDemo" */;
			compatibilityVersion = "Xcode 3.2";
			developmentRegion = English;
			hasScannedForEncodings = 0;
			knownRegions = (
				en,
				Base,
			);
			mainGroup = 04E436E51E372A4C00B34CCC;
			productRefGroup = 04E436EF1E372A4C00B34CCC /* Products */;
			projectDirPath = "";
			projectRoot = "";
			targets = (
				04E436ED1E372A4C00B34CCC /* CWLGraphicsDemo */,
				04E437061E372A4C00B34CCC /* CWLGraphicsDemoTests */,
				04E437111E372A4C00B34CCC /* CWLGraphicsDemoUITests */,
			);
		};
/* End PBXProject section */

/* Begin PBXResourcesBuildPhase section */
		04E436EC1E372A4C00B34CCC /* Resources */ = {
			isa = PBXResourcesBuildPhase;
			buildActionMask = 2147483647;
			files = (
				04E437011E372A4C00B34CCC /* LaunchScreen.storyboard in Resources */,
				044EAF7F1E44627600DD45C5 /* Main.storyboard in Resources */,
				04E436FE1E372A4C00B34CCC /* Assets.xcassets in Resources */,
				044EAF871E44679900DD45C5 /* CWLColorProgress.xib in Resources */,
			);
			runOnlyForDeploymentPostprocessing = 0;
		};
		04E437051E372A4C00B34CCC /* Resources */ = {
			isa = PBXResourcesBuildPhase;
			buildActionMask = 2147483647;
			files = (
			);
			runOnlyForDeploymentPostprocessing = 0;
		};
		04E437101E372A4C00B34CCC /* Resources */ = {
			isa = PBXResourcesBuildPhase;
			buildActionMask = 2147483647;
			files = (
			);
			runOnlyForDeploymentPostprocessing = 0;
		};
/* End PBXResourcesBuildPhase section */

/* Begin PBXShellScriptBuildPhase section */
		14F345B950B62EFC9B06B88B /* [CP] Embed Pods Frameworks */ = {
			isa = PBXShellScriptBuildPhase;
			buildActionMask = 2147483647;
			files = (
			);
			inputPaths = (
			);
			name = "[CP] Embed Pods Frameworks";
			outputPaths = (
			);
			runOnlyForDeploymentPostprocessing = 0;
			shellPath = /bin/sh;
			shellScript = "\"${SRCROOT}/Pods/Target Support Files/Pods-CWLGraphicsDemo/Pods-CWLGraphicsDemo-frameworks.sh\"\n";
			showEnvVarsInLog = 0;
		};
		2B4ED1CCE6E6330482571BFC /* [CP] Check Pods Manifest.lock */ = {
			isa = PBXShellScriptBuildPhase;
			buildActionMask = 2147483647;
			files = (
			);
			inputPaths = (
			);
			name = "[CP] Check Pods Manifest.lock";
			outputPaths = (
			);
			runOnlyForDeploymentPostprocessing = 0;
			shellPath = /bin/sh;
			shellScript = "diff \"${PODS_ROOT}/../Podfile.lock\" \"${PODS_ROOT}/Manifest.lock\" > /dev/null\nif [[ $? != 0 ]] ; then\n    cat << EOM\nerror: The sandbox is not in sync with the Podfile.lock. Run 'pod install' or update your CocoaPods installation.\nEOM\n    exit 1\nfi\n";
			showEnvVarsInLog = 0;
		};
		A643B592A765CEBECF01DB7B /* [CP] Copy Pods Resources */ = {
			isa = PBXShellScriptBuildPhase;
			buildActionMask = 2147483647;
			files = (
			);
			inputPaths = (
			);
			name = "[CP] Copy Pods Resources";
			outputPaths = (
			);
			runOnlyForDeploymentPostprocessing = 0;
			shellPath = /bin/sh;
			shellScript = "\"${SRCROOT}/Pods/Target Support Files/Pods-CWLGraphicsDemo/Pods-CWLGraphicsDemo-resources.sh\"\n";
			showEnvVarsInLog = 0;
		};
/* End PBXShellScriptBuildPhase section */

/* Begin PBXSourcesBuildPhase section */
		04E436EA1E372A4C00B34CCC /* Sources */ = {
			isa = PBXSourcesBuildPhase;
			buildActionMask = 2147483647;
			files = (
				04E4373A1E372A6400B34CCC /* UIImage+CWLImage.m in Sources */,
				044EAF7B1E44625200DD45C5 /* CWLDrawLineViewController.m in Sources */,
				04E437391E372A6400B34CCC /* MBProgressHUD+CWL.m in Sources */,
				044EAF881E44679900DD45C5 /* CWLDrawLineView.m in Sources */,
				046D210D1E456A360083E7F2 /* CWLClipResultViewController.m in Sources */,
				046D21071E4562660083E7F2 /* CWLClipImageView.m in Sources */,
				044EAF801E44627600DD45C5 /* ViewController.m in Sources */,
				044EAF8E1E4467DB00DD45C5 /* CWLClipView.m in Sources */,
				044EAF771E44625200DD45C5 /* CWLClipViewController.m in Sources */,
				04E436F61E372A4C00B34CCC /* AppDelegate.m in Sources */,
				04E436F31E372A4C00B34CCC /* main.m in Sources */,
				044EAF861E44679900DD45C5 /* CWLColorProgress.m in Sources */,
			);
			runOnlyForDeploymentPostprocessing = 0;
		};
		04E437031E372A4C00B34CCC /* Sources */ = {
			isa = PBXSourcesBuildPhase;
			buildActionMask = 2147483647;
			files = (
				04E4370C1E372A4C00B34CCC /* CWLGraphicsDemoTests.m in Sources */,
			);
			runOnlyForDeploymentPostprocessing = 0;
		};
		04E4370E1E372A4C00B34CCC /* Sources */ = {
			isa = PBXSourcesBuildPhase;
			buildActionMask = 2147483647;
			files = (
				04E437171E372A4C00B34CCC /* CWLGraphicsDemoUITests.m in Sources */,
			);
			runOnlyForDeploymentPostprocessing = 0;
		};
/* End PBXSourcesBuildPhase section */

/* Begin PBXTargetDependency section */
		04E437091E372A4C00B34CCC /* PBXTargetDependency */ = {
			isa = PBXTargetDependency;
			target = 04E436ED1E372A4C00B34CCC /* CWLGraphicsDemo */;
			targetProxy = 04E437081E372A4C00B34CCC /* PBXContainerItemProxy */;
		};
		04E437141E372A4C00B34CCC /* PBXTargetDependency */ = {
			isa = PBXTargetDependency;
			target = 04E436ED1E372A4C00B34CCC /* CWLGraphicsDemo */;
			targetProxy = 04E437131E372A4C00B34CCC /* PBXContainerItemProxy */;
		};
/* End PBXTargetDependency section */

/* Begin PBXVariantGroup section */
		04E436FF1E372A4C00B34CCC /* LaunchScreen.storyboard */ = {
			isa = PBXVariantGroup;
			children = (
				04E437001E372A4C00B34CCC /* Base */,
			);
			name = LaunchScreen.storyboard;
			sourceTree = "<group>";
		};
/* End PBXVariantGroup section */

/* Begin XCBuildConfiguration section */
		04E437191E372A4C00B34CCC /* Debug */ = {
			isa = XCBuildConfiguration;
			buildSettings = {
				ALWAYS_SEARCH_USER_PATHS = NO;
				CLANG_ANALYZER_NONNULL = YES;
				CLANG_CXX_LANGUAGE_STANDARD = "gnu++0x";
				CLANG_CXX_LIBRARY = "libc++";
				CLANG_ENABLE_MODULES = YES;
				CLANG_ENABLE_OBJC_ARC = YES;
				CLANG_WARN_BOOL_CONVERSION = YES;
				CLANG_WARN_CONSTANT_CONVERSION = YES;
				CLANG_WARN_DIRECT_OBJC_ISA_USAGE = YES_ERROR;
				CLANG_WARN_EMPTY_BODY = YES;
				CLANG_WARN_ENUM_CONVERSION = YES;
				CLANG_WARN_INT_CONVERSION = YES;
				CLANG_WARN_OBJC_ROOT_CLASS = YES_ERROR;
				CLANG_WARN_UNREACHABLE_CODE = YES;
				CLANG_WARN__DUPLICATE_METHOD_MATCH = YES;
				"CODE_SIGN_IDENTITY[sdk=iphoneos*]" = "iPhone Developer";
				COPY_PHASE_STRIP = NO;
				DEBUG_INFORMATION_FORMAT = dwarf;
				ENABLE_STRICT_OBJC_MSGSEND = YES;
				ENABLE_TESTABILITY = YES;
				GCC_C_LANGUAGE_STANDARD = gnu99;
				GCC_DYNAMIC_NO_PIC = NO;
				GCC_NO_COMMON_BLOCKS = YES;
				GCC_OPTIMIZATION_LEVEL = 0;
				GCC_PREPROCESSOR_DEFINITIONS = (
					"DEBUG=1",
					"$(inherited)",
				);
				GCC_WARN_64_TO_32_BIT_CONVERSION = YES;
				GCC_WARN_ABOUT_RETURN_TYPE = YES_ERROR;
				GCC_WARN_UNDECLARED_SELECTOR = YES;
				GCC_WARN_UNINITIALIZED_AUTOS = YES_AGGRESSIVE;
				GCC_WARN_UNUSED_FUNCTION = YES;
				GCC_WARN_UNUSED_VARIABLE = YES;
				IPHONEOS_DEPLOYMENT_TARGET = 9.3;
				MTL_ENABLE_DEBUG_INFO = YES;
				ONLY_ACTIVE_ARCH = YES;
				SDKROOT = iphoneos;
			};
			name = Debug;
		};
		04E4371A1E372A4C00B34CCC /* Release */ = {
			isa = XCBuildConfiguration;
			buildSettings = {
				ALWAYS_SEARCH_USER_PATHS = NO;
				CLANG_ANALYZER_NONNULL = YES;
				CLANG_CXX_LANGUAGE_STANDARD = "gnu++0x";
				CLANG_CXX_LIBRARY = "libc++";
				CLANG_ENABLE_MODULES = YES;
				CLANG_ENABLE_OBJC_ARC = YES;
				CLANG_WARN_BOOL_CONVERSION = YES;
				CLANG_WARN_CONSTANT_CONVERSION = YES;
				CLANG_WARN_DIRECT_OBJC_ISA_USAGE = YES_ERROR;
				CLANG_WARN_EMPTY_BODY = YES;
				CLANG_WARN_ENUM_CONVERSION = YES;
				CLANG_WARN_INT_CONVERSION = YES;
				CLANG_WARN_OBJC_ROOT_CLASS = YES_ERROR;
				CLANG_WARN_UNREACHABLE_CODE = YES;
				CLANG_WARN__DUPLICATE_METHOD_MATCH = YES;
				"CODE_SIGN_IDENTITY[sdk=iphoneos*]" = "iPhone Developer";
				COPY_PHASE_STRIP = NO;
				DEBUG_INFORMATION_FORMAT = "dwarf-with-dsym";
				ENABLE_NS_ASSERTIONS = NO;
				ENABLE_STRICT_OBJC_MSGSEND = YES;
				GCC_C_LANGUAGE_STANDARD = gnu99;
				GCC_NO_COMMON_BLOCKS = YES;
				GCC_WARN_64_TO_32_BIT_CONVERSION = YES;
				GCC_WARN_ABOUT_RETURN_TYPE = YES_ERROR;
				GCC_WARN_UNDECLARED_SELECTOR = YES;
				GCC_WARN_UNINITIALIZED_AUTOS = YES_AGGRESSIVE;
				GCC_WARN_UNUSED_FUNCTION = YES;
				GCC_WARN_UNUSED_VARIABLE = YES;
				IPHONEOS_DEPLOYMENT_TARGET = 9.3;
				MTL_ENABLE_DEBUG_INFO = NO;
				SDKROOT = iphoneos;
				VALIDATE_PRODUCT = YES;
			};
			name = Release;
		};
		04E4371C1E372A4C00B34CCC /* Debug */ = {
			isa = XCBuildConfiguration;
			baseConfigurationReference = 7849AD45A3F939702808327D /* Pods-CWLGraphicsDemo.debug.xcconfig */;
			buildSettings = {
				ASSETCATALOG_COMPILER_APPICON_NAME = AppIcon;
				GCC_PRECOMPILE_PREFIX_HEADER = YES;
				GCC_PREFIX_HEADER = "$(SRCROOT)/CWLGraphicsDemo/CWLPrefix.pch";
				INFOPLIST_FILE = CWLGraphicsDemo/Info.plist;
				LD_RUNPATH_SEARCH_PATHS = "$(inherited) @executable_path/Frameworks";
				PRODUCT_BUNDLE_IDENTIFIER = tisson.CWLGraphicsDemo;
				PRODUCT_NAME = "$(TARGET_NAME)";
			};
			name = Debug;
		};
		04E4371D1E372A4C00B34CCC /* Release */ = {
			isa = XCBuildConfiguration;
			baseConfigurationReference = 8FE16446E36C29496E98ABFD /* Pods-CWLGraphicsDemo.release.xcconfig */;
			buildSettings = {
				ASSETCATALOG_COMPILER_APPICON_NAME = AppIcon;
				GCC_PRECOMPILE_PREFIX_HEADER = YES;
				GCC_PREFIX_HEADER = "$(SRCROOT)/CWLGraphicsDemo/CWLPrefix.pch";
				INFOPLIST_FILE = CWLGraphicsDemo/Info.plist;
				LD_RUNPATH_SEARCH_PATHS = "$(inherited) @executable_path/Frameworks";
				PRODUCT_BUNDLE_IDENTIFIER = tisson.CWLGraphicsDemo;
				PRODUCT_NAME = "$(TARGET_NAME)";
			};
			name = Release;
		};
		04E4371F1E372A4C00B34CCC /* Debug */ = {
			isa = XCBuildConfiguration;
			buildSettings = {
				BUNDLE_LOADER = "$(TEST_HOST)";
				INFOPLIST_FILE = CWLGraphicsDemoTests/Info.plist;
				LD_RUNPATH_SEARCH_PATHS = "$(inherited) @executable_path/Frameworks @loader_path/Frameworks";
				PRODUCT_BUNDLE_IDENTIFIER = tisson.CWLGraphicsDemoTests;
				PRODUCT_NAME = "$(TARGET_NAME)";
				TEST_HOST = "$(BUILT_PRODUCTS_DIR)/CWLGraphicsDemo.app/CWLGraphicsDemo";
			};
			name = Debug;
		};
		04E437201E372A4C00B34CCC /* Release */ = {
			isa = XCBuildConfiguration;
			buildSettings = {
				BUNDLE_LOADER = "$(TEST_HOST)";
				INFOPLIST_FILE = CWLGraphicsDemoTests/Info.plist;
				LD_RUNPATH_SEARCH_PATHS = "$(inherited) @executable_path/Frameworks @loader_path/Frameworks";
				PRODUCT_BUNDLE_IDENTIFIER = tisson.CWLGraphicsDemoTests;
				PRODUCT_NAME = "$(TARGET_NAME)";
				TEST_HOST = "$(BUILT_PRODUCTS_DIR)/CWLGraphicsDemo.app/CWLGraphicsDemo";
			};
			name = Release;
		};
		04E437221E372A4C00B34CCC /* Debug */ = {
			isa = XCBuildConfiguration;
			buildSettings = {
				INFOPLIST_FILE = CWLGraphicsDemoUITests/Info.plist;
				LD_RUNPATH_SEARCH_PATHS = "$(inherited) @executable_path/Frameworks @loader_path/Frameworks";
				PRODUCT_BUNDLE_IDENTIFIER = tisson.CWLGraphicsDemoUITests;
				PRODUCT_NAME = "$(TARGET_NAME)";
				TEST_TARGET_NAME = CWLGraphicsDemo;
			};
			name = Debug;
		};
		04E437231E372A4C00B34CCC /* Release */ = {
			isa = XCBuildConfiguration;
			buildSettings = {
				INFOPLIST_FILE = CWLGraphicsDemoUITests/Info.plist;
				LD_RUNPATH_SEARCH_PATHS = "$(inherited) @executable_path/Frameworks @loader_path/Frameworks";
				PRODUCT_BUNDLE_IDENTIFIER = tisson.CWLGraphicsDemoUITests;
				PRODUCT_NAME = "$(TARGET_NAME)";
				TEST_TARGET_NAME = CWLGraphicsDemo;
			};
			name = Release;
		};
/* End XCBuildConfiguration section */

/* Begin XCConfigurationList section */
		04E436E91E372A4C00B34CCC /* Build configuration list for PBXProject "CWLGraphicsDemo" */ = {
			isa = XCConfigurationList;
			buildConfigurations = (
				04E437191E372A4C00B34CCC /* Debug */,
				04E4371A1E372A4C00B34CCC /* Release */,
			);
			defaultConfigurationIsVisible = 0;
			defaultConfigurationName = Release;
		};
		04E4371B1E372A4C00B34CCC /* Build configuration list for PBXNativeTarget "CWLGraphicsDemo" */ = {
			isa = XCConfigurationList;
			buildConfigurations = (
				04E4371C1E372A4C00B34CCC /* Debug */,
				04E4371D1E372A4C00B34CCC /* Release */,
			);
			defaultConfigurationIsVisible = 0;
			defaultConfigurationName = Release;
		};
		04E4371E1E372A4C00B34CCC /* Build configuration list for PBXNativeTarget "CWLGraphicsDemoTests" */ = {
			isa = XCConfigurationList;
			buildConfigurations = (
				04E4371F1E372A4C00B34CCC /* Debug */,
				04E437201E372A4C00B34CCC /* Release */,
			);
			defaultConfigurationIsVisible = 0;
			defaultConfigurationName = Release;
		};
		04E437211E372A4C00B34CCC /* Build configuration list for PBXNativeTarget "CWLGraphicsDemoUITests" */ = {
			isa = XCConfigurationList;
			buildConfigurations = (
				04E437221E372A4C00B34CCC /* Debug */,
				04E437231E372A4C00B34CCC /* Release */,
			);
			defaultConfigurationIsVisible = 0;
			defaultConfigurationName = Release;
		};
/* End XCConfigurationList section */
	};
	rootObject = 04E436E61E372A4C00B34CCC /* Project object */;
}
